
Microsoft Visual Studio Solution File, Format Version 12.00
# Visual Studio Version 16
VisualStudioVersion = 16.0.808.4
MinimumVisualStudioVersion = 10.0.40219.1
Project("{FAE04EC0-301F-11D3-BF4B-00C04F79EFBC}") = "Shortlock", "Shortlock.csproj", "{849B6719-D83D-4B0E-BE15-C06CB46E0B0A}"
EndProject
Global
	GlobalSection(SolutionConfigurationPlatforms) = preSolution
		Debug|Any CPU = Debug|Any CPU
		Release|Any CPU = Release|Any CPU
	EndGlobalSection
	GlobalSection(ProjectConfigurationPlatforms) = postSolution
		{849B6719-D83D-4B0E-BE15-C06CB46E0B0A}.Debug|Any CPU.ActiveCfg = Debug|Any CPU
		{849B6719-D83D-4B0E-BE15-C06CB46E0B0A}.Debug|Any CPU.Build.0 = Debug|Any CPU
		{849B6719-D83D-4B0E-BE15-C06CB46E0B0A}.Release|Any CPU.ActiveCfg = Release|Any CPU
		{849B6719-D83D-4B0E-BE15-C06CB46E0B0A}.Release|Any CPU.Build.0 = Release|Any CPU
	EndGlobalSection
	GlobalSection(SolutionProperties) = preSolution
		HideSolutionNode = FALSE
	EndGlobalSection
	GlobalSection(ExtensibilityGlobals) = postSolution
		SolutionGuid = {04331DA4-FCF2-41DE-A0ED-698368AA9393}
	EndGlobalSection
EndGlobal
